{
  "name": "mincu",
  "version": "1.0.0",
  "lockfileVersion": 1,
  "requires": true,
  "dependencies": {
    "@types/node": {
      "version": "14.0.27",
      "resolved": "http://r.tnpm.oa.com/@types/node/download/@types/node-14.0.27.tgz",
      "integrity": "sha1-oVGHOvWl6FG1GzsGXJ5jOQqeDrE=",
      "dev": true
    },
    "@types/prop-types": {
      "version": "15.7.3",
      "resolved": "http://r.tnpm.oa.com/@types/prop-types/download/@types/prop-types-15.7.3.tgz",
      "integrity": "sha1-KrDV2i5YFflLC51LldHl8kOrLKc=",
      "dev": true
    },
    "@types/react": {
      "version": "16.9.46",
      "resolved": "http://r.tnpm.oa.com/@types/react/download/@types/react-16.9.46.tgz",
      "integrity": "sha1-8DJs163O2nQUi6qb/26RhjL1Bp4=",
      "dev": true,
      "requires": {
        "@types/prop-types": "*",
        "csstype": "^3.0.2"
      }
    },
    "@types/react-native": {
      "version": "0.63.6",
      "resolved": "http://r.tnpm.oa.com/@types/react-native/download/@types/react-native-0.63.6.tgz",
      "integrity": "sha1-uj+cntbwZsuWRCTKzIROpY6sUUg=",
      "dev": true,
      "requires": {
        "@types/react": "*"
      }
    },
    "arg": {
      "version": "4.1.3",
      "resolved": "http://r.tnpm.oa.com/arg/download/arg-4.1.3.tgz",
      "integrity": "sha1-Jp/HrVuOQstjyJbVZmAXJhwUQIk="
    },
    "buffer-from": {
      "version": "1.1.1",
      "resolved": "http://r.tnpm.oa.com/buffer-from/download/buffer-from-1.1.1.tgz",
      "integrity": "sha1-MnE7wCj3XAL9txDXx7zsHyxgcO8="
    },
    "csstype": {
      "version": "3.0.2",
      "resolved": "http://r.tnpm.oa.com/csstype/download/csstype-3.0.2.tgz",
      "integrity": "sha1-7l/48gjIzWE7OJ97IiyYAcpis/c=",
      "dev": true
    },
    "diff": {
      "version": "4.0.2",
      "resolved": "http://r.tnpm.oa.com/diff/download/diff-4.0.2.tgz",
      "integrity": "sha1-YPOuy4nV+uUgwRqhnvwruYKq3n0="
    },
    "make-error": {
      "version": "1.3.6",
      "resolved": "http://r.tnpm.oa.com/make-error/download/make-error-1.3.6.tgz",
      "integrity": "sha1-LrLjfqm2fEiR9oShOUeZr0hM96I="
    },
    "source-map": {
      "version": "0.6.1",
      "resolved": "http://r.tnpm.oa.com/source-map/download/source-map-0.6.1.tgz",
      "integrity": "sha1-dHIq8y6WFOnCh6jQu95IteLxomM="
    },
    "source-map-support": {
      "version": "0.5.19",
      "resolved": "http://r.tnpm.oa.com/source-map-support/download/source-map-support-0.5.19.tgz",
      "integrity": "sha1-qYti+G3K9PZzmWSMCFKRq56P7WE=",
      "requires": {
        "buffer-from": "^1.0.0",
        "source-map": "^0.6.0"
      }
    },
    "ts-node": {
      "version": "8.10.2",
      "resolved": "http://r.tnpm.oa.com/ts-node/download/ts-node-8.10.2.tgz",
      "integrity": "sha1-7uA3ZGM7EjTd03+NuewQt17H+40=",
      "requires": {
        "arg": "^4.1.0",
        "diff": "^4.0.1",
        "make-error": "^1.1.1",
        "source-map-support": "^0.5.17",
        "yn": "3.1.1"
      }
    },
    "tslib": {
      "version": "2.0.1",
      "resolved": "http://r.tnpm.oa.com/tslib/download/tslib-2.0.1.tgz",
      "integrity": "sha1-QQ6w0RPltjVkkO7HSWA3JbAhtD4="
    },
    "typescript": {
      "version": "3.9.7",
      "resolved": "http://r.tnpm.oa.com/typescript/download/typescript-3.9.7.tgz",
      "integrity": "sha1-mNYApevcOPQMsndSLxLcgA6eJfo="
    },
    "yn": {
      "version": "3.1.1",
      "resolved": "http://r.tnpm.oa.com/yn/download/yn-3.1.1.tgz",
      "integrity": "sha1-HodAGgnXZ8HV6rJqbkwYUYLS61A="
    }
  }
}
