# THIS IS AN AUTOGENERATED FILE. DO NOT EDIT THIS FILE DIRECTLY.
# yarn lockfile v1


"@babel/code-frame@^7.0.0":
  version "7.10.4"
  resolved "https://registry.npm.taobao.org/@babel/code-frame/download/@babel/code-frame-7.10.4.tgz#168da1a36e90da68ae8d49c0f1b48c7c6249213a"
  integrity sha1-Fo2ho26Q2miujUnA8bSMfGJJITo=
  dependencies:
    "@babel/highlight" "^7.10.4"

"@babel/helper-validator-identifier@^7.10.4":
  version "7.10.4"
  resolved "https://registry.npm.taobao.org/@babel/helper-validator-identifier/download/@babel/helper-validator-identifier-7.10.4.tgz#a78c7a7251e01f616512d31b10adcf52ada5e0d2"
  integrity sha1-p4x6clHgH2FlEtMbEK3PUq2l4NI=

"@babel/highlight@^7.10.4":
  version "7.10.4"
  resolved "https://registry.npm.taobao.org/@babel/highlight/download/@babel/highlight-7.10.4.tgz?cache=0&sync_timestamp=1593521087106&other_urls=https%3A%2F%2Fregistry.npm.taobao.org%2F%40babel%2Fhighlight%2Fdownload%2F%40babel%2Fhighlight-7.10.4.tgz#7d1bdfd65753538fabe6c38596cdb76d9ac60143"
  integrity sha1-fRvf1ldTU4+r5sOFls23bZrGAUM=
  dependencies:
    "@babel/helper-validator-identifier" "^7.10.4"
    chalk "^2.0.0"
    js-tokens "^4.0.0"

"@types/node@^14.0.27":
  version "14.14.10"
  resolved "https://registry.npm.taobao.org/@types/node/download/@types/node-14.14.10.tgz?cache=0&sync_timestamp=1606763117372&other_urls=https%3A%2F%2Fregistry.npm.taobao.org%2F%40types%2Fnode%2Fdownload%2F%40types%2Fnode-14.14.10.tgz#5958a82e41863cfc71f2307b3748e3491ba03785"
  integrity sha1-WVioLkGGPPxx8jB7N0jjSRugN4U=

"@types/normalize-package-data@^2.4.0":
  version "2.4.0"
  resolved "https://registry.npm.taobao.org/@types/normalize-package-data/download/@types/normalize-package-data-2.4.0.tgz?cache=0&sync_timestamp=1605054866275&other_urls=https%3A%2F%2Fregistry.npm.taobao.org%2F%40types%2Fnormalize-package-data%2Fdownload%2F%40types%2Fnormalize-package-data-2.4.0.tgz#e486d0d97396d79beedd0a6e33f4534ff6b4973e"
  integrity sha1-5IbQ2XOW15vu3QpuM/RTT/a0lz4=

"@types/prop-types@*":
  version "15.7.3"
  resolved "https://registry.npm.taobao.org/@types/prop-types/download/@types/prop-types-15.7.3.tgz?cache=0&sync_timestamp=1605055061207&other_urls=https%3A%2F%2Fregistry.npm.taobao.org%2F%40types%2Fprop-types%2Fdownload%2F%40types%2Fprop-types-15.7.3.tgz#2ab0d5da2e5815f94b0b9d4b95d1e5f243ab2ca7"
  integrity sha1-KrDV2i5YFflLC51LldHl8kOrLKc=

"@types/react-native@^0.63.37":
  version "0.63.37"
  resolved "https://registry.npm.taobao.org/@types/react-native/download/@types/react-native-0.63.37.tgz#c43df90c9d3cc082a97a49a53e989de26cb8ab45"
  integrity sha1-xD35DJ08wIKpekmlPpid4my4q0U=
  dependencies:
    "@types/react" "*"

"@types/react@*":
  version "17.0.0"
  resolved "https://registry.npm.taobao.org/@types/react/download/@types/react-17.0.0.tgz?cache=0&sync_timestamp=1606158558386&other_urls=https%3A%2F%2Fregistry.npm.taobao.org%2F%40types%2Freact%2Fdownload%2F%40types%2Freact-17.0.0.tgz#5af3eb7fad2807092f0046a1302b7823e27919b8"
  integrity sha1-WvPrf60oBwkvAEahMCt4I+J5Gbg=
  dependencies:
    "@types/prop-types" "*"
    csstype "^3.0.2"

ansi-styles@^3.2.1:
  version "3.2.1"
  resolved "https://registry.npm.taobao.org/ansi-styles/download/ansi-styles-3.2.1.tgz?cache=0&sync_timestamp=1606792382140&other_urls=https%3A%2F%2Fregistry.npm.taobao.org%2Fansi-styles%2Fdownload%2Fansi-styles-3.2.1.tgz#41fbb20243e50b12be0f04b8dedbf07520ce841d"
  integrity sha1-QfuyAkPlCxK+DwS43tvwdSDOhB0=
  dependencies:
    color-convert "^1.9.0"

argparse@^1.0.7:
  version "1.0.10"
  resolved "https://registry.npm.taobao.org/argparse/download/argparse-1.0.10.tgz#bcd6791ea5ae09725e17e5ad988134cd40b3d911"
  integrity sha1-vNZ5HqWuCXJeF+WtmIE0zUCz2RE=
  dependencies:
    sprintf-js "~1.0.2"

axios@^0.21.0:
  version "0.21.0"
  resolved "https://registry.npm.taobao.org/axios/download/axios-0.21.0.tgz?cache=0&sync_timestamp=1603468783865&other_urls=https%3A%2F%2Fregistry.npm.taobao.org%2Faxios%2Fdownload%2Faxios-0.21.0.tgz#26df088803a2350dff2c27f96fef99fe49442aca"
  integrity sha1-Jt8IiAOiNQ3/LCf5b++Z/klEKso=
  dependencies:
    follow-redirects "^1.10.0"

caller-callsite@^2.0.0:
  version "2.0.0"
  resolved "https://registry.npm.taobao.org/caller-callsite/download/caller-callsite-2.0.0.tgz#847e0fce0a223750a9a027c54b33731ad3154134"
  integrity sha1-hH4PzgoiN1CpoCfFSzNzGtMVQTQ=
  dependencies:
    callsites "^2.0.0"

caller-path@^2.0.0:
  version "2.0.0"
  resolved "https://registry.npm.taobao.org/caller-path/download/caller-path-2.0.0.tgz#468f83044e369ab2010fac5f06ceee15bb2cb1f4"
  integrity sha1-Ro+DBE42mrIBD6xfBs7uFbsssfQ=
  dependencies:
    caller-callsite "^2.0.0"

callsites@^2.0.0:
  version "2.0.0"
  resolved "https://registry.npm.taobao.org/callsites/download/callsites-2.0.0.tgz#06eb84f00eea413da86affefacbffb36093b3c50"
  integrity sha1-BuuE8A7qQT2oav/vrL/7Ngk7PFA=

chalk@^2.0.0, chalk@^2.4.2:
  version "2.4.2"
  resolved "https://registry.npm.taobao.org/chalk/download/chalk-2.4.2.tgz?cache=0&sync_timestamp=1591687076871&other_urls=https%3A%2F%2Fregistry.npm.taobao.org%2Fchalk%2Fdownload%2Fchalk-2.4.2.tgz#cd42541677a54333cf541a49108c1432b44c9424"
  integrity sha1-zUJUFnelQzPPVBpJEIwUMrRMlCQ=
  dependencies:
    ansi-styles "^3.2.1"
    escape-string-regexp "^1.0.5"
    supports-color "^5.3.0"

ci-info@^2.0.0:
  version "2.0.0"
  resolved "https://registry.npm.taobao.org/ci-info/download/ci-info-2.0.0.tgz#67a9e964be31a51e15e5010d58e6f12834002f46"
  integrity sha1-Z6npZL4xpR4V5QENWObxKDQAL0Y=

color-convert@^1.9.0:
  version "1.9.3"
  resolved "https://registry.npm.taobao.org/color-convert/download/color-convert-1.9.3.tgz#bb71850690e1f136567de629d2d5471deda4c1e8"
  integrity sha1-u3GFBpDh8TZWfeYp0tVHHe2kweg=
  dependencies:
    color-name "1.1.3"

color-name@1.1.3:
  version "1.1.3"
  resolved "https://registry.npm.taobao.org/color-name/download/color-name-1.1.3.tgz#a7d0558bd89c42f795dd42328f740831ca53bc25"
  integrity sha1-p9BVi9icQveV3UIyj3QIMcpTvCU=

cosmiconfig@^5.2.1:
  version "5.2.1"
  resolved "https://registry.npm.taobao.org/cosmiconfig/download/cosmiconfig-5.2.1.tgz?cache=0&sync_timestamp=1596310657948&other_urls=https%3A%2F%2Fregistry.npm.taobao.org%2Fcosmiconfig%2Fdownload%2Fcosmiconfig-5.2.1.tgz#040f726809c591e77a17c0a3626ca45b4f168b1a"
  integrity sha1-BA9yaAnFked6F8CjYmykW08Wixo=
  dependencies:
    import-fresh "^2.0.0"
    is-directory "^0.3.1"
    js-yaml "^3.13.1"
    parse-json "^4.0.0"

cross-spawn@^6.0.0:
  version "6.0.5"
  resolved "https://registry.npm.taobao.org/cross-spawn/download/cross-spawn-6.0.5.tgz?cache=0&sync_timestamp=1590420971248&other_urls=https%3A%2F%2Fregistry.npm.taobao.org%2Fcross-spawn%2Fdownload%2Fcross-spawn-6.0.5.tgz#4a5ec7c64dfae22c3a14124dbacdee846d80cbc4"
  integrity sha1-Sl7Hxk364iw6FBJNus3uhG2Ay8Q=
  dependencies:
    nice-try "^1.0.4"
    path-key "^2.0.1"
    semver "^5.5.0"
    shebang-command "^1.2.0"
    which "^1.2.9"

csstype@^3.0.2:
  version "3.0.5"
  resolved "https://registry.npm.taobao.org/csstype/download/csstype-3.0.5.tgz?cache=0&sync_timestamp=1605258867356&other_urls=https%3A%2F%2Fregistry.npm.taobao.org%2Fcsstype%2Fdownload%2Fcsstype-3.0.5.tgz#7fdec6a28a67ae18647c51668a9ff95bb2fa7bb8"
  integrity sha1-f97GoopnrhhkfFFmip/5W7L6e7g=

end-of-stream@^1.1.0:
  version "1.4.4"
  resolved "https://registry.npm.taobao.org/end-of-stream/download/end-of-stream-1.4.4.tgz#5ae64a5f45057baf3626ec14da0ca5e4b2431eb0"
  integrity sha1-WuZKX0UFe682JuwU2gyl5LJDHrA=
  dependencies:
    once "^1.4.0"

error-ex@^1.3.1:
  version "1.3.2"
  resolved "https://registry.npm.taobao.org/error-ex/download/error-ex-1.3.2.tgz#b4ac40648107fdcdcfae242f428bea8a14d4f1bf"
  integrity sha1-tKxAZIEH/c3PriQvQovqihTU8b8=
  dependencies:
    is-arrayish "^0.2.1"

escape-string-regexp@^1.0.5:
  version "1.0.5"
  resolved "https://registry.npm.taobao.org/escape-string-regexp/download/escape-string-regexp-1.0.5.tgz?cache=0&sync_timestamp=1587627107924&other_urls=https%3A%2F%2Fregistry.npm.taobao.org%2Fescape-string-regexp%2Fdownload%2Fescape-string-regexp-1.0.5.tgz#1b61c0562190a8dff6ae3bb2cf0200ca130b86d4"
  integrity sha1-G2HAViGQqN/2rjuyzwIAyhMLhtQ=

esprima@^4.0.0:
  version "4.0.1"
  resolved "https://registry.npm.taobao.org/esprima/download/esprima-4.0.1.tgz#13b04cdb3e6c5d19df91ab6987a8695619b0aa71"
  integrity sha1-E7BM2z5sXRnfkatph6hpVhmwqnE=

execa@^1.0.0:
  version "1.0.0"
  resolved "https://registry.npm.taobao.org/execa/download/execa-1.0.0.tgz?cache=0&sync_timestamp=1606970975645&other_urls=https%3A%2F%2Fregistry.npm.taobao.org%2Fexeca%2Fdownload%2Fexeca-1.0.0.tgz#c6236a5bb4df6d6f15e88e7f017798216749ddd8"
  integrity sha1-xiNqW7TfbW8V6I5/AXeYIWdJ3dg=
  dependencies:
    cross-spawn "^6.0.0"
    get-stream "^4.0.0"
    is-stream "^1.1.0"
    npm-run-path "^2.0.0"
    p-finally "^1.0.0"
    signal-exit "^3.0.0"
    strip-eof "^1.0.0"

find-up@^4.0.0:
  version "4.1.0"
  resolved "https://registry.npm.taobao.org/find-up/download/find-up-4.1.0.tgz?cache=0&sync_timestamp=1597169795121&other_urls=https%3A%2F%2Fregistry.npm.taobao.org%2Ffind-up%2Fdownload%2Ffind-up-4.1.0.tgz#97afe7d6cdc0bc5928584b7c8d7b16e8a9aa5d19"
  integrity sha1-l6/n1s3AvFkoWEt8jXsW6KmqXRk=
  dependencies:
    locate-path "^5.0.0"
    path-exists "^4.0.0"

follow-redirects@^1.10.0:
  version "1.13.0"
  resolved "https://registry.npm.taobao.org/follow-redirects/download/follow-redirects-1.13.0.tgz#b42e8d93a2a7eea5ed88633676d6597bc8e384db"
  integrity sha1-tC6Nk6Kn7qXtiGM2dtZZe8jjhNs=

function-bind@^1.1.1:
  version "1.1.1"
  resolved "https://registry.npm.taobao.org/function-bind/download/function-bind-1.1.1.tgz#a56899d3ea3c9bab874bb9773b7c5ede92f4895d"
  integrity sha1-pWiZ0+o8m6uHS7l3O3xe3pL0iV0=

get-stdin@^7.0.0:
  version "7.0.0"
  resolved "https://registry.npm.taobao.org/get-stdin/download/get-stdin-7.0.0.tgz#8d5de98f15171a125c5e516643c7a6d0ea8a96f6"
  integrity sha1-jV3pjxUXGhJcXlFmQ8em0OqKlvY=

get-stream@^4.0.0:
  version "4.1.0"
  resolved "https://registry.npm.taobao.org/get-stream/download/get-stream-4.1.0.tgz?cache=0&sync_timestamp=1597056455691&other_urls=https%3A%2F%2Fregistry.npm.taobao.org%2Fget-stream%2Fdownload%2Fget-stream-4.1.0.tgz#c1b255575f3dc21d59bfc79cd3d2b46b1c3a54b5"
  integrity sha1-wbJVV189wh1Zv8ec09K0axw6VLU=
  dependencies:
    pump "^3.0.0"

has-flag@^3.0.0:
  version "3.0.0"
  resolved "https://registry.npm.taobao.org/has-flag/download/has-flag-3.0.0.tgz#b5d454dc2199ae225699f3467e5a07f3b955bafd"
  integrity sha1-tdRU3CGZriJWmfNGfloH87lVuv0=

has@^1.0.3:
  version "1.0.3"
  resolved "https://registry.npm.taobao.org/has/download/has-1.0.3.tgz#722d7cbfc1f6aa8241f16dd814e011e1f41e8796"
  integrity sha1-ci18v8H2qoJB8W3YFOAR4fQeh5Y=
  dependencies:
    function-bind "^1.1.1"

hosted-git-info@^2.1.4:
  version "2.8.8"
  resolved "https://registry.npm.taobao.org/hosted-git-info/download/hosted-git-info-2.8.8.tgz?cache=0&sync_timestamp=1602801493383&other_urls=https%3A%2F%2Fregistry.npm.taobao.org%2Fhosted-git-info%2Fdownload%2Fhosted-git-info-2.8.8.tgz#7539bd4bc1e0e0a895815a2e0262420b12858488"
  integrity sha1-dTm9S8Hg4KiVgVouAmJCCxKFhIg=

husky@3:
  version "3.1.0"
  resolved "https://registry.npm.taobao.org/husky/download/husky-3.1.0.tgz?cache=0&sync_timestamp=1607327428235&other_urls=https%3A%2F%2Fregistry.npm.taobao.org%2Fhusky%2Fdownload%2Fhusky-3.1.0.tgz#5faad520ab860582ed94f0c1a77f0f04c90b57c0"
  integrity sha1-X6rVIKuGBYLtlPDBp38PBMkLV8A=
  dependencies:
    chalk "^2.4.2"
    ci-info "^2.0.0"
    cosmiconfig "^5.2.1"
    execa "^1.0.0"
    get-stdin "^7.0.0"
    opencollective-postinstall "^2.0.2"
    pkg-dir "^4.2.0"
    please-upgrade-node "^3.2.0"
    read-pkg "^5.2.0"
    run-node "^1.0.0"
    slash "^3.0.0"

import-fresh@^2.0.0:
  version "2.0.0"
  resolved "https://registry.npm.taobao.org/import-fresh/download/import-fresh-2.0.0.tgz?cache=0&sync_timestamp=1604255567620&other_urls=https%3A%2F%2Fregistry.npm.taobao.org%2Fimport-fresh%2Fdownload%2Fimport-fresh-2.0.0.tgz#d81355c15612d386c61f9ddd3922d4304822a546"
  integrity sha1-2BNVwVYS04bGH53dOSLUMEgipUY=
  dependencies:
    caller-path "^2.0.0"
    resolve-from "^3.0.0"

is-arrayish@^0.2.1:
  version "0.2.1"
  resolved "https://registry.npm.taobao.org/is-arrayish/download/is-arrayish-0.2.1.tgz#77c99840527aa8ecb1a8ba697b80645a7a926a9d"
  integrity sha1-d8mYQFJ6qOyxqLppe4BkWnqSap0=

is-core-module@^2.1.0:
  version "2.2.0"
  resolved "https://registry.npm.taobao.org/is-core-module/download/is-core-module-2.2.0.tgz?cache=0&sync_timestamp=1606411666495&other_urls=https%3A%2F%2Fregistry.npm.taobao.org%2Fis-core-module%2Fdownload%2Fis-core-module-2.2.0.tgz#97037ef3d52224d85163f5597b2b63d9afed981a"
  integrity sha1-lwN+89UiJNhRY/VZeytj2a/tmBo=
  dependencies:
    has "^1.0.3"

is-directory@^0.3.1:
  version "0.3.1"
  resolved "https://registry.npm.taobao.org/is-directory/download/is-directory-0.3.1.tgz#61339b6f2475fc772fd9c9d83f5c8575dc154ae1"
  integrity sha1-YTObbyR1/Hcv2cnYP1yFddwVSuE=

is-stream@^1.1.0:
  version "1.1.0"
  resolved "https://registry.npm.taobao.org/is-stream/download/is-stream-1.1.0.tgz#12d4a3dd4e68e0b79ceb8dbc84173ae80d91ca44"
  integrity sha1-EtSj3U5o4Lec6428hBc66A2RykQ=

isexe@^2.0.0:
  version "2.0.0"
  resolved "https://registry.npm.taobao.org/isexe/download/isexe-2.0.0.tgz#e8fbf374dc556ff8947a10dcb0572d633f2cfa10"
  integrity sha1-6PvzdNxVb/iUehDcsFctYz8s+hA=

js-tokens@^4.0.0:
  version "4.0.0"
  resolved "https://registry.npm.taobao.org/js-tokens/download/js-tokens-4.0.0.tgz#19203fb59991df98e3a287050d4647cdeaf32499"
  integrity sha1-GSA/tZmR35jjoocFDUZHzerzJJk=

js-yaml@^3.13.1:
  version "3.14.1"
  resolved "https://registry.npm.taobao.org/js-yaml/download/js-yaml-3.14.1.tgz?cache=0&sync_timestamp=1607370811335&other_urls=https%3A%2F%2Fregistry.npm.taobao.org%2Fjs-yaml%2Fdownload%2Fjs-yaml-3.14.1.tgz#dae812fdb3825fa306609a8717383c50c36a0537"
  integrity sha1-2ugS/bOCX6MGYJqHFzg8UMNqBTc=
  dependencies:
    argparse "^1.0.7"
    esprima "^4.0.0"

json-parse-better-errors@^1.0.1:
  version "1.0.2"
  resolved "https://registry.npm.taobao.org/json-parse-better-errors/download/json-parse-better-errors-1.0.2.tgz#bb867cfb3450e69107c131d1c514bab3dc8bcaa9"
  integrity sha1-u4Z8+zRQ5pEHwTHRxRS6s9yLyqk=

json-parse-even-better-errors@^2.3.0:
  version "2.3.1"
  resolved "https://registry.npm.taobao.org/json-parse-even-better-errors/download/json-parse-even-better-errors-2.3.1.tgz?cache=0&sync_timestamp=1599064822543&other_urls=https%3A%2F%2Fregistry.npm.taobao.org%2Fjson-parse-even-better-errors%2Fdownload%2Fjson-parse-even-better-errors-2.3.1.tgz#7c47805a94319928e05777405dc12e1f7a4ee02d"
  integrity sha1-fEeAWpQxmSjgV3dAXcEuH3pO4C0=

lines-and-columns@^1.1.6:
  version "1.1.6"
  resolved "https://registry.npm.taobao.org/lines-and-columns/download/lines-and-columns-1.1.6.tgz#1c00c743b433cd0a4e80758f7b64a57440d9ff00"
  integrity sha1-HADHQ7QzzQpOgHWPe2SldEDZ/wA=

locate-path@^5.0.0:
  version "5.0.0"
  resolved "https://registry.npm.taobao.org/locate-path/download/locate-path-5.0.0.tgz#1afba396afd676a6d42504d0a67a3a7eb9f62aa0"
  integrity sha1-Gvujlq/WdqbUJQTQpno6frn2KqA=
  dependencies:
    p-locate "^4.1.0"

lodash@^4.17.20:
  version "4.17.20"
  resolved "https://registry.npm.taobao.org/lodash/download/lodash-4.17.20.tgz#b44a9b6297bcb698f1c51a3545a2b3b368d59c52"
  integrity sha1-tEqbYpe8tpjxxRo1RaKzs2jVnFI=

nice-try@^1.0.4:
  version "1.0.5"
  resolved "https://registry.npm.taobao.org/nice-try/download/nice-try-1.0.5.tgz#a3378a7696ce7d223e88fc9b764bd7ef1089e366"
  integrity sha1-ozeKdpbOfSI+iPybdkvX7xCJ42Y=

normalize-package-data@^2.5.0:
  version "2.5.0"
  resolved "https://registry.npm.taobao.org/normalize-package-data/download/normalize-package-data-2.5.0.tgz?cache=0&sync_timestamp=1602547447569&other_urls=https%3A%2F%2Fregistry.npm.taobao.org%2Fnormalize-package-data%2Fdownload%2Fnormalize-package-data-2.5.0.tgz#e66db1838b200c1dfc233225d12cb36520e234a8"
  integrity sha1-5m2xg4sgDB38IzIl0SyzZSDiNKg=
  dependencies:
    hosted-git-info "^2.1.4"
    resolve "^1.10.0"
    semver "2 || 3 || 4 || 5"
    validate-npm-package-license "^3.0.1"

npm-run-path@^2.0.0:
  version "2.0.2"
  resolved "https://registry.npm.taobao.org/npm-run-path/download/npm-run-path-2.0.2.tgz?cache=0&other_urls=https%3A%2F%2Fregistry.npm.taobao.org%2Fnpm-run-path%2Fdownload%2Fnpm-run-path-2.0.2.tgz#35a9232dfa35d7067b4cb2ddf2357b1871536c5f"
  integrity sha1-NakjLfo11wZ7TLLd8jV7GHFTbF8=
  dependencies:
    path-key "^2.0.0"

once@^1.3.1, once@^1.4.0:
  version "1.4.0"
  resolved "https://registry.npm.taobao.org/once/download/once-1.4.0.tgz#583b1aa775961d4b113ac17d9c50baef9dd76bd1"
  integrity sha1-WDsap3WWHUsROsF9nFC6753Xa9E=
  dependencies:
    wrappy "1"

opencollective-postinstall@^2.0.2:
  version "2.0.3"
  resolved "https://registry.npm.taobao.org/opencollective-postinstall/download/opencollective-postinstall-2.0.3.tgz#7a0fff978f6dbfa4d006238fbac98ed4198c3259"
  integrity sha1-eg//l49tv6TQBiOPusmO1BmMMlk=

p-finally@^1.0.0:
  version "1.0.0"
  resolved "https://registry.npm.taobao.org/p-finally/download/p-finally-1.0.0.tgz#3fbcfb15b899a44123b34b6dcc18b724336a2cae"
  integrity sha1-P7z7FbiZpEEjs0ttzBi3JDNqLK4=

p-limit@^2.2.0:
  version "2.3.0"
  resolved "https://registry.npm.taobao.org/p-limit/download/p-limit-2.3.0.tgz?cache=0&sync_timestamp=1606288549008&other_urls=https%3A%2F%2Fregistry.npm.taobao.org%2Fp-limit%2Fdownload%2Fp-limit-2.3.0.tgz#3dd33c647a214fdfffd835933eb086da0dc21db1"
  integrity sha1-PdM8ZHohT9//2DWTPrCG2g3CHbE=
  dependencies:
    p-try "^2.0.0"

p-locate@^4.1.0:
  version "4.1.0"
  resolved "https://registry.npm.taobao.org/p-locate/download/p-locate-4.1.0.tgz?cache=0&sync_timestamp=1597081369770&other_urls=https%3A%2F%2Fregistry.npm.taobao.org%2Fp-locate%2Fdownload%2Fp-locate-4.1.0.tgz#a3428bb7088b3a60292f66919278b7c297ad4f07"
  integrity sha1-o0KLtwiLOmApL2aRkni3wpetTwc=
  dependencies:
    p-limit "^2.2.0"

p-try@^2.0.0:
  version "2.2.0"
  resolved "https://registry.npm.taobao.org/p-try/download/p-try-2.2.0.tgz#cb2868540e313d61de58fafbe35ce9004d5540e6"
  integrity sha1-yyhoVA4xPWHeWPr741zpAE1VQOY=

parse-json@^4.0.0:
  version "4.0.0"
  resolved "https://registry.npm.taobao.org/parse-json/download/parse-json-4.0.0.tgz?cache=0&sync_timestamp=1598129230057&other_urls=https%3A%2F%2Fregistry.npm.taobao.org%2Fparse-json%2Fdownload%2Fparse-json-4.0.0.tgz#be35f5425be1f7f6c747184f98a788cb99477ee0"
  integrity sha1-vjX1Qlvh9/bHRxhPmKeIy5lHfuA=
  dependencies:
    error-ex "^1.3.1"
    json-parse-better-errors "^1.0.1"

parse-json@^5.0.0:
  version "5.1.0"
  resolved "https://registry.npm.taobao.org/parse-json/download/parse-json-5.1.0.tgz?cache=0&sync_timestamp=1598129230057&other_urls=https%3A%2F%2Fregistry.npm.taobao.org%2Fparse-json%2Fdownload%2Fparse-json-5.1.0.tgz#f96088cdf24a8faa9aea9a009f2d9d942c999646"
  integrity sha1-+WCIzfJKj6qa6poAny2dlCyZlkY=
  dependencies:
    "@babel/code-frame" "^7.0.0"
    error-ex "^1.3.1"
    json-parse-even-better-errors "^2.3.0"
    lines-and-columns "^1.1.6"

path-exists@^4.0.0:
  version "4.0.0"
  resolved "https://registry.npm.taobao.org/path-exists/download/path-exists-4.0.0.tgz#513bdbe2d3b95d7762e8c1137efa195c6c61b5b3"
  integrity sha1-UTvb4tO5XXdi6METfvoZXGxhtbM=

path-key@^2.0.0, path-key@^2.0.1:
  version "2.0.1"
  resolved "https://registry.npm.taobao.org/path-key/download/path-key-2.0.1.tgz#411cadb574c5a140d3a4b1910d40d80cc9f40b40"
  integrity sha1-QRyttXTFoUDTpLGRDUDYDMn0C0A=

path-parse@^1.0.6:
  version "1.0.6"
  resolved "https://registry.npm.taobao.org/path-parse/download/path-parse-1.0.6.tgz#d62dbb5679405d72c4737ec58600e9ddcf06d24c"
  integrity sha1-1i27VnlAXXLEc37FhgDp3c8G0kw=

pkg-dir@^4.2.0:
  version "4.2.0"
  resolved "https://registry.npm.taobao.org/pkg-dir/download/pkg-dir-4.2.0.tgz?cache=0&sync_timestamp=1602859010405&other_urls=https%3A%2F%2Fregistry.npm.taobao.org%2Fpkg-dir%2Fdownload%2Fpkg-dir-4.2.0.tgz#f099133df7ede422e81d1d8448270eeb3e4261f3"
  integrity sha1-8JkTPfft5CLoHR2ESCcO6z5CYfM=
  dependencies:
    find-up "^4.0.0"

please-upgrade-node@^3.2.0:
  version "3.2.0"
  resolved "https://registry.npm.taobao.org/please-upgrade-node/download/please-upgrade-node-3.2.0.tgz#aeddd3f994c933e4ad98b99d9a556efa0e2fe942"
  integrity sha1-rt3T+ZTJM+StmLmdmlVu+g4v6UI=
  dependencies:
    semver-compare "^1.0.0"

prettier@^2.2.1:
  version "2.2.1"
  resolved "https://registry.npm.taobao.org/prettier/download/prettier-2.2.1.tgz?cache=0&sync_timestamp=1606523097359&other_urls=https%3A%2F%2Fregistry.npm.taobao.org%2Fprettier%2Fdownload%2Fprettier-2.2.1.tgz#795a1a78dd52f073da0cd42b21f9c91381923ff5"
  integrity sha1-eVoaeN1S8HPaDNQrIfnJE4GSP/U=

pump@^3.0.0:
  version "3.0.0"
  resolved "https://registry.npm.taobao.org/pump/download/pump-3.0.0.tgz#b4a2116815bde2f4e1ea602354e8c75565107a64"
  integrity sha1-tKIRaBW94vTh6mAjVOjHVWUQemQ=
  dependencies:
    end-of-stream "^1.1.0"
    once "^1.3.1"

read-pkg@^5.2.0:
  version "5.2.0"
  resolved "https://registry.npm.taobao.org/read-pkg/download/read-pkg-5.2.0.tgz#7bf295438ca5a33e56cd30e053b34ee7250c93cc"
  integrity sha1-e/KVQ4yloz5WzTDgU7NO5yUMk8w=
  dependencies:
    "@types/normalize-package-data" "^2.4.0"
    normalize-package-data "^2.5.0"
    parse-json "^5.0.0"
    type-fest "^0.6.0"

resolve-from@^3.0.0:
  version "3.0.0"
  resolved "https://registry.npm.taobao.org/resolve-from/download/resolve-from-3.0.0.tgz#b22c7af7d9d6881bc8b6e653335eebcb0a188748"
  integrity sha1-six699nWiBvItuZTM17rywoYh0g=

resolve@^1.10.0:
  version "1.19.0"
  resolved "https://registry.npm.taobao.org/resolve/download/resolve-1.19.0.tgz?cache=0&sync_timestamp=1605052050544&other_urls=https%3A%2F%2Fregistry.npm.taobao.org%2Fresolve%2Fdownload%2Fresolve-1.19.0.tgz#1af5bf630409734a067cae29318aac7fa29a267c"
  integrity sha1-GvW/YwQJc0oGfK4pMYqsf6KaJnw=
  dependencies:
    is-core-module "^2.1.0"
    path-parse "^1.0.6"

run-node@^1.0.0:
  version "1.0.0"
  resolved "https://registry.npm.taobao.org/run-node/download/run-node-1.0.0.tgz#46b50b946a2aa2d4947ae1d886e9856fd9cabe5e"
  integrity sha1-RrULlGoqotSUeuHYhumFb9nKvl4=

semver-compare@^1.0.0:
  version "1.0.0"
  resolved "https://registry.npm.taobao.org/semver-compare/download/semver-compare-1.0.0.tgz#0dee216a1c941ab37e9efb1788f6afc5ff5537fc"
  integrity sha1-De4hahyUGrN+nvsXiPavxf9VN/w=

"semver@2 || 3 || 4 || 5", semver@^5.5.0:
  version "5.7.1"
  resolved "https://registry.npm.taobao.org/semver/download/semver-5.7.1.tgz?cache=0&sync_timestamp=1606853731020&other_urls=https%3A%2F%2Fregistry.npm.taobao.org%2Fsemver%2Fdownload%2Fsemver-5.7.1.tgz#a954f931aeba508d307bbf069eff0c01c96116f7"
  integrity sha1-qVT5Ma66UI0we78Gnv8MAclhFvc=

shebang-command@^1.2.0:
  version "1.2.0"
  resolved "https://registry.npm.taobao.org/shebang-command/download/shebang-command-1.2.0.tgz#44aac65b695b03398968c39f363fee5deafdf1ea"
  integrity sha1-RKrGW2lbAzmJaMOfNj/uXer98eo=
  dependencies:
    shebang-regex "^1.0.0"

shebang-regex@^1.0.0:
  version "1.0.0"
  resolved "https://registry.npm.taobao.org/shebang-regex/download/shebang-regex-1.0.0.tgz#da42f49740c0b42db2ca9728571cb190c98efea3"
  integrity sha1-2kL0l0DAtC2yypcoVxyxkMmO/qM=

signal-exit@^3.0.0:
  version "3.0.3"
  resolved "https://registry.npm.taobao.org/signal-exit/download/signal-exit-3.0.3.tgz#a1410c2edd8f077b08b4e253c8eacfcaf057461c"
  integrity sha1-oUEMLt2PB3sItOJTyOrPyvBXRhw=

slash@^3.0.0:
  version "3.0.0"
  resolved "https://registry.npm.taobao.org/slash/download/slash-3.0.0.tgz#6539be870c165adbd5240220dbe361f1bc4d4634"
  integrity sha1-ZTm+hwwWWtvVJAIg2+Nh8bxNRjQ=

spdx-correct@^3.0.0:
  version "3.1.1"
  resolved "https://registry.npm.taobao.org/spdx-correct/download/spdx-correct-3.1.1.tgz?cache=0&sync_timestamp=1590162035755&other_urls=https%3A%2F%2Fregistry.npm.taobao.org%2Fspdx-correct%2Fdownload%2Fspdx-correct-3.1.1.tgz#dece81ac9c1e6713e5f7d1b6f17d468fa53d89a9"
  integrity sha1-3s6BrJweZxPl99G28X1Gj6U9iak=
  dependencies:
    spdx-expression-parse "^3.0.0"
    spdx-license-ids "^3.0.0"

spdx-exceptions@^2.1.0:
  version "2.3.0"
  resolved "https://registry.npm.taobao.org/spdx-exceptions/download/spdx-exceptions-2.3.0.tgz#3f28ce1a77a00372683eade4a433183527a2163d"
  integrity sha1-PyjOGnegA3JoPq3kpDMYNSeiFj0=

spdx-expression-parse@^3.0.0:
  version "3.0.1"
  resolved "https://registry.npm.taobao.org/spdx-expression-parse/download/spdx-expression-parse-3.0.1.tgz#cf70f50482eefdc98e3ce0a6833e4a53ceeba679"
  integrity sha1-z3D1BILu/cmOPOCmgz5KU87rpnk=
  dependencies:
    spdx-exceptions "^2.1.0"
    spdx-license-ids "^3.0.0"

spdx-license-ids@^3.0.0:
  version "3.0.7"
  resolved "https://registry.npm.taobao.org/spdx-license-ids/download/spdx-license-ids-3.0.7.tgz?cache=0&sync_timestamp=1606610843748&other_urls=https%3A%2F%2Fregistry.npm.taobao.org%2Fspdx-license-ids%2Fdownload%2Fspdx-license-ids-3.0.7.tgz#e9c18a410e5ed7e12442a549fbd8afa767038d65"
  integrity sha1-6cGKQQ5e1+EkQqVJ+9ivp2cDjWU=

sprintf-js@~1.0.2:
  version "1.0.3"
  resolved "https://registry.npm.taobao.org/sprintf-js/download/sprintf-js-1.0.3.tgz#04e6926f662895354f3dd015203633b857297e2c"
  integrity sha1-BOaSb2YolTVPPdAVIDYzuFcpfiw=

strip-eof@^1.0.0:
  version "1.0.0"
  resolved "https://registry.npm.taobao.org/strip-eof/download/strip-eof-1.0.0.tgz#bb43ff5598a6eb05d89b59fcd129c983313606bf"
  integrity sha1-u0P/VZim6wXYm1n80SnJgzE2Br8=

supports-color@^5.3.0:
  version "5.5.0"
  resolved "https://registry.npm.taobao.org/supports-color/download/supports-color-5.5.0.tgz?cache=0&sync_timestamp=1606205080621&other_urls=https%3A%2F%2Fregistry.npm.taobao.org%2Fsupports-color%2Fdownload%2Fsupports-color-5.5.0.tgz#e2e69a44ac8772f78a1ec0b35b689df6530efc8f"
  integrity sha1-4uaaRKyHcveKHsCzW2id9lMO/I8=
  dependencies:
    has-flag "^3.0.0"

tslib@^2.0.1:
  version "2.0.3"
  resolved "https://registry.npm.taobao.org/tslib/download/tslib-2.0.3.tgz#8e0741ac45fc0c226e58a17bfc3e64b9bc6ca61c"
  integrity sha1-jgdBrEX8DCJuWKF7/D5kubxsphw=

type-fest@^0.6.0:
  version "0.6.0"
  resolved "https://registry.npm.taobao.org/type-fest/download/type-fest-0.6.0.tgz?cache=0&sync_timestamp=1606468899313&other_urls=https%3A%2F%2Fregistry.npm.taobao.org%2Ftype-fest%2Fdownload%2Ftype-fest-0.6.0.tgz#8d2a2370d3df886eb5c90ada1c5bf6188acf838b"
  integrity sha1-jSojcNPfiG61yQraHFv2GIrPg4s=

typescript@^4.1.2:
  version "4.1.2"
  resolved "https://registry.npm.taobao.org/typescript/download/typescript-4.1.2.tgz?cache=0&sync_timestamp=1607325633329&other_urls=https%3A%2F%2Fregistry.npm.taobao.org%2Ftypescript%2Fdownload%2Ftypescript-4.1.2.tgz#6369ef22516fe5e10304aae5a5c4862db55380e9"
  integrity sha1-Y2nvIlFv5eEDBKrlpcSGLbVTgOk=

validate-npm-package-license@^3.0.1:
  version "3.0.4"
  resolved "https://registry.npm.taobao.org/validate-npm-package-license/download/validate-npm-package-license-3.0.4.tgz#fc91f6b9c7ba15c857f4cb2c5defeec39d4f410a"
  integrity sha1-/JH2uce6FchX9MssXe/uw51PQQo=
  dependencies:
    spdx-correct "^3.0.0"
    spdx-expression-parse "^3.0.0"

which@^1.2.9:
  version "1.3.1"
  resolved "https://registry.npm.taobao.org/which/download/which-1.3.1.tgz#a45043d54f5805316da8d62f9f50918d3da70b0a"
  integrity sha1-pFBD1U9YBTFtqNYvn1CRjT2nCwo=
  dependencies:
    isexe "^2.0.0"

wrappy@1:
  version "1.0.2"
  resolved "https://registry.npm.taobao.org/wrappy/download/wrappy-1.0.2.tgz#b5243d8f3ec1aa35f1364605bc0d1036e30ab69f"
  integrity sha1-tSQ9jz7BqjXxNkYFvA0QNuMKtp8=
