# THIS IS AN AUTOGENERATED FILE. DO NOT EDIT THIS FILE DIRECTLY.
# yarn lockfile v1


"@microsoft/tsdoc@^0.12.21":
  version "0.12.21"
  resolved "https://registry.npm.taobao.org/@microsoft/tsdoc/download/@microsoft/tsdoc-0.12.21.tgz#1098c393634826ed47386862a1241ce8b7c0cf0d"
  integrity sha1-EJjDk2NIJu1HOGhioSQc6LfAzw0=

"@types/node@^14.0.27":
  version "14.14.5"
  resolved "https://registry.npm.taobao.org/@types/node/download/@types/node-14.14.5.tgz#e92d3b8f76583efa26c1a63a21c9d3c1143daa29"
  integrity sha1-6S07j3ZYPvomwaY6IcnTwRQ9qik=

"@types/prop-types@*":
  version "15.7.3"
  resolved "https://registry.npm.taobao.org/@types/prop-types/download/@types/prop-types-15.7.3.tgz#2ab0d5da2e5815f94b0b9d4b95d1e5f243ab2ca7"
  integrity sha1-KrDV2i5YFflLC51LldHl8kOrLKc=

"@types/react-native@^0.63.6":
  version "0.63.30"
  resolved "https://registry.npm.taobao.org/@types/react-native/download/@types/react-native-0.63.30.tgz#a0bd61e61b7a020a538ea22901be2f5d178fe02f"
  integrity sha1-oL1h5ht6AgpTjqIpAb4vXReP4C8=
  dependencies:
    "@types/react" "*"

"@types/react@*":
  version "16.9.54"
  resolved "https://registry.npm.taobao.org/@types/react/download/@types/react-16.9.54.tgz?cache=0&sync_timestamp=1603825899931&other_urls=https%3A%2F%2Fregistry.npm.taobao.org%2F%40types%2Freact%2Fdownload%2F%40types%2Freact-16.9.54.tgz#140280c31825287ee74e9da95285b91c5a2e471d"
  integrity sha1-FAKAwxglKH7nTp2pUoW5HFouRx0=
  dependencies:
    "@types/prop-types" "*"
    csstype "^3.0.2"

csstype@^3.0.2:
  version "3.0.4"
  resolved "https://registry.npm.taobao.org/csstype/download/csstype-3.0.4.tgz#b156d7be03b84ff425c9a0a4b1e5f4da9c5ca888"
  integrity sha1-sVbXvgO4T/QlyaCkseX02pxcqIg=

lodash@^4.17.20:
  version "4.17.20"
  resolved "https://registry.npm.taobao.org/lodash/download/lodash-4.17.20.tgz?cache=0&sync_timestamp=1597336053864&other_urls=https%3A%2F%2Fregistry.npm.taobao.org%2Flodash%2Fdownload%2Flodash-4.17.20.tgz#b44a9b6297bcb698f1c51a3545a2b3b368d59c52"
  integrity sha1-tEqbYpe8tpjxxRo1RaKzs2jVnFI=

tslib@^2.0.1:
  version "2.0.3"
  resolved "https://registry.npm.taobao.org/tslib/download/tslib-2.0.3.tgz?cache=0&sync_timestamp=1602286603545&other_urls=https%3A%2F%2Fregistry.npm.taobao.org%2Ftslib%2Fdownload%2Ftslib-2.0.3.tgz#8e0741ac45fc0c226e58a17bfc3e64b9bc6ca61c"
  integrity sha1-jgdBrEX8DCJuWKF7/D5kubxsphw=

typescript@^4.1.2:
  version "4.1.2"
  resolved "https://registry.npm.taobao.org/typescript/download/typescript-4.1.2.tgz?cache=0&sync_timestamp=1606891887116&other_urls=https%3A%2F%2Fregistry.npm.taobao.org%2Ftypescript%2Fdownload%2Ftypescript-4.1.2.tgz#6369ef22516fe5e10304aae5a5c4862db55380e9"
  integrity sha1-Y2nvIlFv5eEDBKrlpcSGLbVTgOk=
